// !$*UTF8*$!
{
	archiveVersion = 1;
	classes = {
	};
	objectVersion = 46;
	objects = {

/* Begin PBXBuildFile section */
		A14302FD1D7935BD00E84235 /* AppDelegate.swift in Sources */ = {isa = PBXBuildFile; fileRef = A14302FC1D7935BD00E84235 /* AppDelegate.swift */; };
		A14302FF1D7935BD00E84235 /* Assets.xcassets in Resources */ = {isa = PBXBuildFile; fileRef = A14302FE1D7935BD00E84235 /* Assets.xcassets */; };
		A14303021D7935BD00E84235 /* MainMenu.xib in Resources */ = {isa = PBXBuildFile; fileRef = A14303001D7935BD00E84235 /* MainMenu.xib */; };
		A143030F1D79480500E84235 /* PreferencesWindow.swift in Sources */ = {isa = PBXBuildFile; fileRef = A143030D1D79480500E84235 /* PreferencesWindow.swift */; };
		A14303101D79480500E84235 /* PreferencesWindow.xib in Resources */ = {isa = PBXBuildFile; fileRef = A143030E1D79480500E84235 /* PreferencesWindow.xib */; };
/* End PBXBuildFile section */

/* Begin PBXFileReference section */
		A14302F91D7935BD00E84235 /* iDaemon.app */ = {isa = PBXFileReference; explicitFileType = wrapper.application; includeInIndex = 0; path = iDaemon.app; sourceTree = BUILT_PRODUCTS_DIR; };
		A14302FC1D7935BD00E84235 /* AppDelegate.swift */ = {isa = PBXFileReference; lastKnownFileType = sourcecode.swift; path = AppDelegate.swift; sourceTree = "<group>"; };
		A14302FE1D7935BD00E84235 /* Assets.xcassets */ = {isa = PBXFileReference; lastKnownFileType = folder.assetcatalog; path = Assets.xcassets; sourceTree = "<group>"; };
		A14303011D7935BD00E84235 /* Base */ = {isa = PBXFileReference; lastKnownFileType = file.xib; name = Base; path = Base.lproj/MainMenu.xib; sourceTree = "<group>"; };
		A14303031D7935BD00E84235 /* Info.plist */ = {isa = PBXFileReference; lastKnownFileType = text.plist.xml; path = Info.plist; sourceTree = "<group>"; };
		A143030D1D79480500E84235 /* PreferencesWindow.swift */ = {isa = PBXFileReference; fileEncoding = 4; lastKnownFileType = sourcecode.swift; path = PreferencesWindow.swift; sourceTree = "<group>"; };
		A143030E1D79480500E84235 /* PreferencesWindow.xib */ = {isa = PBXFileReference; fileEncoding = 4; lastKnownFileType = file.xib; path = PreferencesWindow.xib; sourceTree = "<group>"; };
/* End PBXFileReference section */

/* Begin PBXFrameworksBuildPhase section */
		A14302F61D7935BD00E84235 /* Frameworks */ = {
			isa = PBXFrameworksBuildPhase;
			buildActionMask = 2147483647;
			files = (
			);
			runOnlyForDeploymentPostprocessing = 0;
		};
/* End PBXFrameworksBuildPhase section */

/* Begin PBXGroup section */
		A14302F01D7935BD00E84235 = {
			isa = PBXGroup;
			children = (
				A14302FB1D7935BD00E84235 /* iDaemon */,
				A14302FA1D7935BD00E84235 /* Products */,
			);
			sourceTree = "<group>";
		};
		A14302FA1D7935BD00E84235 /* Products */ = {
			isa = PBXGroup;
			children = (
				A14302F91D7935BD00E84235 /* iDaemon.app */,
			);
			name = Products;
			sourceTree = "<group>";
		};
		A14302FB1D7935BD00E84235 /* iDaemon */ = {
			isa = PBXGroup;
			children = (
				A14302FC1D7935BD00E84235 /* AppDelegate.swift */,
				A14302FE1D7935BD00E84235 /* Assets.xcassets */,
				A14303001D7935BD00E84235 /* MainMenu.xib */,
				A14303031D7935BD00E84235 /* Info.plist */,
				A143030D1D79480500E84235 /* PreferencesWindow.swift */,
				A143030E1D79480500E84235 /* PreferencesWindow.xib */,
			);
			path = iDaemon;
			sourceTree = "<group>";
		};
/* End PBXGroup section */

/* Begin PBXNativeTarget section */
		A14302F81D7935BD00E84235 /* iDaemon */ = {
			isa = PBXNativeTarget;
			buildConfigurationList = A14303061D7935BD00E84235 /* Build configuration list for PBXNativeTarget "iDaemon" */;
			buildPhases = (
				A14302F51D7935BD00E84235 /* Sources */,
				A14302F61D7935BD00E84235 /* Frameworks */,
				A14302F71D7935BD00E84235 /* Resources */,
			);
			buildRules = (
			);
			dependencies = (
			);
			name = iDaemon;
			productName = iDaemon;
			productReference = A14302F91D7935BD00E84235 /* iDaemon.app */;
			productType = "com.apple.product-type.application";
		};
/* End PBXNativeTarget section */

/* Begin PBXProject section */
		A14302F11D7935BD00E84235 /* Project object */ = {
			isa = PBXProject;
			attributes = {
				LastSwiftUpdateCheck = 0730;
				LastUpgradeCheck = 0730;
				ORGANIZATIONNAME = "Francisco Modesto";
				TargetAttributes = {
					A14302F81D7935BD00E84235 = {
						CreatedOnToolsVersion = 7.3.1;
					};
				};
			};
			buildConfigurationList = A14302F41D7935BD00E84235 /* Build configuration list for PBXProject "iDaemon" */;
			compatibilityVersion = "Xcode 3.2";
			developmentRegion = English;
			hasScannedForEncodings = 0;
			knownRegions = (
				en,
				Base,
			);
			mainGroup = A14302F01D7935BD00E84235;
			productRefGroup = A14302FA1D7935BD00E84235 /* Products */;
			projectDirPath = "";
			projectRoot = "";
			targets = (
				A14302F81D7935BD00E84235 /* iDaemon */,
			);
		};
/* End PBXProject section */

/* Begin PBXResourcesBuildPhase section */
		A14302F71D7935BD00E84235 /* Resources */ = {
			isa = PBXResourcesBuildPhase;
			buildActionMask = 2147483647;
			files = (
				A14303101D79480500E84235 /* PreferencesWindow.xib in Resources */,
				A14302FF1D7935BD00E84235 /* Assets.xcassets in Resources */,
				A14303021D7935BD00E84235 /* MainMenu.xib in Resources */,
			);
			runOnlyForDeploymentPostprocessing = 0;
		};
/* End PBXResourcesBuildPhase section */

/* Begin PBXSourcesBuildPhase section */
		A14302F51D7935BD00E84235 /* Sources */ = {
			isa = PBXSourcesBuildPhase;
			buildActionMask = 2147483647;
			files = (
				A14302FD1D7935BD00E84235 /* AppDelegate.swift in Sources */,
				A143030F1D79480500E84235 /* PreferencesWindow.swift in Sources */,
			);
			runOnlyForDeploymentPostprocessing = 0;
		};
/* End PBXSourcesBuildPhase section */

/* Begin PBXVariantGroup section */
		A14303001D7935BD00E84235 /* MainMenu.xib */ = {
			isa = PBXVariantGroup;
			children = (
				A14303011D7935BD00E84235 /* Base */,
			);
			name = MainMenu.xib;
			sourceTree = "<group>";
		};
/* End PBXVariantGroup section */

/* Begin XCBuildConfiguration section */
		A14303041D7935BD00E84235 /* Debug */ = {
			isa = XCBuildConfiguration;
			buildSettings = {
				ALWAYS_SEARCH_USER_PATHS = NO;
				CLANG_ANALYZER_NONNULL = YES;
				CLANG_CXX_LANGUAGE_STANDARD = "gnu++0x";
				CLANG_CXX_LIBRARY = "libc++";
				CLANG_ENABLE_MODULES = YES;
				CLANG_ENABLE_OBJC_ARC = YES;
				CLANG_WARN_BOOL_CONVERSION = YES;
				CLANG_WARN_CONSTANT_CONVERSION = YES;
				CLANG_WARN_DIRECT_OBJC_ISA_USAGE = YES_ERROR;
				CLANG_WARN_EMPTY_BODY = YES;
				CLANG_WARN_ENUM_CONVERSION = YES;
				CLANG_WARN_INT_CONVERSION = YES;
				CLANG_WARN_OBJC_ROOT_CLASS = YES_ERROR;
				CLANG_WARN_UNREACHABLE_CODE = YES;
				CLANG_WARN__DUPLICATE_METHOD_MATCH = YES;
				CODE_SIGN_IDENTITY = "-";
				COPY_PHASE_STRIP = NO;
				DEBUG_INFORMATION_FORMAT = dwarf;
				ENABLE_STRICT_OBJC_MSGSEND = YES;
				ENABLE_TESTABILITY = YES;
				GCC_C_LANGUAGE_STANDARD = gnu99;
				GCC_DYNAMIC_NO_PIC = NO;
				GCC_NO_COMMON_BLOCKS = YES;
				GCC_OPTIMIZATION_LEVEL = 0;
				GCC_PREPROCESSOR_DEFINITIONS = (
					"DEBUG=1",
					"$(inherited)",
				);
				GCC_WARN_64_TO_32_BIT_CONVERSION = YES;
				GCC_WARN_ABOUT_RETURN_TYPE = YES_ERROR;
				GCC_WARN_UNDECLARED_SELECTOR = YES;
				GCC_WARN_UNINITIALIZED_AUTOS = YES_AGGRESSIVE;
				GCC_WARN_UNUSED_FUNCTION = YES;
				GCC_WARN_UNUSED_VARIABLE = YES;
				MACOSX_DEPLOYMENT_TARGET = 10.11;
				MTL_ENABLE_DEBUG_INFO = YES;
				ONLY_ACTIVE_ARCH = YES;
				SDKROOT = macosx;
				SWIFT_OPTIMIZATION_LEVEL = "-Onone";
			};
			name = Debug;
		};
		A14303051D7935BD00E84235 /* Release */ = {
			isa = XCBuildConfiguration;
			buildSettings = {
				ALWAYS_SEARCH_USER_PATHS = NO;
				CLANG_ANALYZER_NONNULL = YES;
				CLANG_CXX_LANGUAGE_STANDARD = "gnu++0x";
				CLANG_CXX_LIBRARY = "libc++";
				CLANG_ENABLE_MODULES = YES;
				CLANG_ENABLE_OBJC_ARC = YES;
				CLANG_WARN_BOOL_CONVERSION = YES;
				CLANG_WARN_CONSTANT_CONVERSION = YES;
				CLANG_WARN_DIRECT_OBJC_ISA_USAGE = YES_ERROR;
				CLANG_WARN_EMPTY_BODY = YES;
				CLANG_WARN_ENUM_CONVERSION = YES;
				CLANG_WARN_INT_CONVERSION = YES;
				CLANG_WARN_OBJC_ROOT_CLASS = YES_ERROR;
				CLANG_WARN_UNREACHABLE_CODE = YES;
				CLANG_WARN__DUPLICATE_METHOD_MATCH = YES;
				CODE_SIGN_IDENTITY = "-";
				COPY_PHASE_STRIP = NO;
				DEBUG_INFORMATION_FORMAT = "dwarf-with-dsym";
				ENABLE_NS_ASSERTIONS = NO;
				ENABLE_STRICT_OBJC_MSGSEND = YES;
				GCC_C_LANGUAGE_STANDARD = gnu99;
				GCC_NO_COMMON_BLOCKS = YES;
				GCC_WARN_64_TO_32_BIT_CONVERSION = YES;
				GCC_WARN_ABOUT_RETURN_TYPE = YES_ERROR;
				GCC_WARN_UNDECLARED_SELECTOR = YES;
				GCC_WARN_UNINITIALIZED_AUTOS = YES_AGGRESSIVE;
				GCC_WARN_UNUSED_FUNCTION = YES;
				GCC_WARN_UNUSED_VARIABLE = YES;
				MACOSX_DEPLOYMENT_TARGET = 10.11;
				MTL_ENABLE_DEBUG_INFO = NO;
				SDKROOT = macosx;
			};
			name = Release;
		};
		A14303071D7935BD00E84235 /* Debug */ = {
			isa = XCBuildConfiguration;
			buildSettings = {
				ASSETCATALOG_COMPILER_APPICON_NAME = AppIcon;
				COMBINE_HIDPI_IMAGES = YES;
				INFOPLIST_FILE = iDaemon/Info.plist;
				LD_RUNPATH_SEARCH_PATHS = "$(inherited) @executable_path/../Frameworks";
				PRODUCT_BUNDLE_IDENTIFIER = org.idaemon.iDaemon;
				PRODUCT_NAME = "$(TARGET_NAME)";
			};
			name = Debug;
		};
		A14303081D7935BD00E84235 /* Release */ = {
			isa = XCBuildConfiguration;
			buildSettings = {
				ASSETCATALOG_COMPILER_APPICON_NAME = AppIcon;
				COMBINE_HIDPI_IMAGES = YES;
				INFOPLIST_FILE = iDaemon/Info.plist;
				LD_RUNPATH_SEARCH_PATHS = "$(inherited) @executable_path/../Frameworks";
				PRODUCT_BUNDLE_IDENTIFIER = org.idaemon.iDaemon;
				PRODUCT_NAME = "$(TARGET_NAME)";
			};
			name = Release;
		};
/* End XCBuildConfiguration section */

/* Begin XCConfigurationList section */
		A14302F41D7935BD00E84235 /* Build configuration list for PBXProject "iDaemon" */ = {
			isa = XCConfigurationList;
			buildConfigurations = (
				A14303041D7935BD00E84235 /* Debug */,
				A14303051D7935BD00E84235 /* Release */,
			);
			defaultConfigurationIsVisible = 0;
			defaultConfigurationName = Release;
		};
		A14303061D7935BD00E84235 /* Build configuration list for PBXNativeTarget "iDaemon" */ = {
			isa = XCConfigurationList;
			buildConfigurations = (
				A14303071D7935BD00E84235 /* Debug */,
				A14303081D7935BD00E84235 /* Release */,
			);
			defaultConfigurationIsVisible = 0;
		};
/* End XCConfigurationList section */
	};
	rootObject = A14302F11D7935BD00E84235 /* Project object */;
}
